
Microsoft Visual Studio Solution File, Format Version 12.00
# Visual Studio Version 16
VisualStudioVersion = 16.0.31729.503
MinimumVisualStudioVersion = 10.0.40219.1
Project("{FAE04EC0-301F-11D3-BF4B-00C04F79EFBC}") = "LibApp", "LibApp.csproj", "{AD058ADB-EF35-439A-AB67-9F0C77DADA35}"
EndProject
Global
	GlobalSection(SolutionConfigurationPlatforms) = preSolution
		Debug|Any CPU = Debug|Any CPU
		Release|Any CPU = Release|Any CPU
	EndGlobalSection
	GlobalSection(ProjectConfigurationPlatforms) = postSolution
		{AD058ADB-EF35-439A-AB67-9F0C77DADA35}.Debug|Any CPU.ActiveCfg = Debug|Any CPU
		{AD058ADB-EF35-439A-AB67-9F0C77DADA35}.Debug|Any CPU.Build.0 = Debug|Any CPU
		{AD058ADB-EF35-439A-AB67-9F0C77DADA35}.Release|Any CPU.ActiveCfg = Release|Any CPU
		{AD058ADB-EF35-439A-AB67-9F0C77DADA35}.Release|Any CPU.Build.0 = Release|Any CPU
	EndGlobalSection
	GlobalSection(SolutionProperties) = preSolution
		HideSolutionNode = FALSE
	EndGlobalSection
	GlobalSection(ExtensibilityGlobals) = postSolution
		SolutionGuid = {83D3434E-6E13-4E53-865F-871E621BAD88}
	EndGlobalSection
EndGlobal
